
Microsoft Visual Studio Solution File, Format Version 12.00
# Visual Studio Version 16
VisualStudioVersion = 16.0.31410.357
MinimumVisualStudioVersion = 10.0.40219.1
Project("{FAE04EC0-301F-11D3-BF4B-00C04F79EFBC}") = "Havan.Eprod", "Havan.Eprod\Havan.Eprod.csproj", "{FA1B521B-5E42-49A8-8E36-B2F07E1C9E81}"
EndProject
Global
	GlobalSection(SolutionConfigurationPlatforms) = preSolution
		Debug|Any CPU = Debug|Any CPU
		Release|Any CPU = Release|Any CPU
	EndGlobalSection
	GlobalSection(ProjectConfigurationPlatforms) = postSolution
		{FA1B521B-5E42-49A8-8E36-B2F07E1C9E81}.Debug|Any CPU.ActiveCfg = Debug|Any CPU
		{FA1B521B-5E42-49A8-8E36-B2F07E1C9E81}.Debug|Any CPU.Build.0 = Debug|Any CPU
		{FA1B521B-5E42-49A8-8E36-B2F07E1C9E81}.Release|Any CPU.ActiveCfg = Release|Any CPU
		{FA1B521B-5E42-49A8-8E36-B2F07E1C9E81}.Release|Any CPU.Build.0 = Release|Any CPU
	EndGlobalSection
	GlobalSection(SolutionProperties) = preSolution
		HideSolutionNode = FALSE
	EndGlobalSection
	GlobalSection(ExtensibilityGlobals) = postSolution
		SolutionGuid = {46483F75-14E5-4CF6-ACC8-E1EAF3405D28}
	EndGlobalSection
EndGlobal
